{
  "name": "heyjoe",
  "version": "1.0.0",
  "lockfileVersion": 3,
  "requires": true,
  "packages": {
    "": {
      "name": "heyjoe",
      "version": "1.0.0",
      "license": "ISC",
      "dependencies": {
        "@arcjet/inspect": "^1.1.0",
        "@arcjet/node": "^1.1.0",
        "multer": "^2.0.2",
        "nodemailer": "^8.0.1"
      }
    },
    "node_modules/@arcjet/analyze": {
      "version": "1.1.0",
      "resolved": "https://registry.npmjs.org/@arcjet/analyze/-/analyze-1.1.0.tgz",
      "integrity": "sha512-rbgjTjk4PvoRh8wweerD5Qr0G/xar0XWNiRTvzcmrnJofuhESLjWD87p3Y3Od307gzex8Whtu+jA0LvII1H4DA==",
      "license": "Apache-2.0",
      "dependencies": {
        "@arcjet/analyze-wasm": "1.1.0",
        "@arcjet/protocol": "1.1.0"
      },
      "engines": {
        "node": ">=20"
      }
    },
    "node_modules/@arcjet/analyze-wasm": {
      "version": "1.1.0",
      "resolved": "https://registry.npmjs.org/@arcjet/analyze-wasm/-/analyze-wasm-1.1.0.tgz",
      "integrity": "sha512-CrzSBa9rQFQRfIUofm2FuwVjlnCdWK8hQz3uxbMqYFFLeGPAQftM2noHM7P2p+2Rq6j1p6u462RIpjg2Y2rhXQ==",
      "license": "Apache-2.0",
      "engines": {
        "node": ">=20"
      }
    },
    "node_modules/@arcjet/body": {
      "version": "1.1.0",
      "resolved": "https://registry.npmjs.org/@arcjet/body/-/body-1.1.0.tgz",
      "integrity": "sha512-ijMcy71ezPtu9aj29Cde6McBd634ugtqD26ufF8r/fb7YH/eYsWJQS4LZBnkEdgangAfb2VO1VEUpKwGSyZmqA==",
      "license": "Apache-2.0",
      "engines": {
        "node": ">=20"
      }
    },
    "node_modules/@arcjet/cache": {
      "version": "1.1.0",
      "resolved": "https://registry.npmjs.org/@arcjet/cache/-/cache-1.1.0.tgz",
      "integrity": "sha512-TFt5PdlQVOngGTL+Q02NLGtv6Ks15m68a5Jksk9rEDM8vVzwoFE6KXawPNPm0pcwow4a/C+GcYwYprDm7MpXlw==",
      "license": "Apache-2.0",
      "engines": {
        "node": ">=20"
      }
    },
    "node_modules/@arcjet/duration": {
      "version": "1.1.0",
      "resolved": "https://registry.npmjs.org/@arcjet/duration/-/duration-1.1.0.tgz",
      "integrity": "sha512-22MVyEnJgRv4RpFol6LefKAjh2ei7ekBIkawPZi+F0YNQtGPTTJP7r+gLT615oUcZFptBxiuogsXk6zhFycSsA==",
      "license": "Apache-2.0",
      "engines": {
        "node": ">=20"
      }
    },
    "node_modules/@arcjet/env": {
      "version": "1.1.0",
      "resolved": "https://registry.npmjs.org/@arcjet/env/-/env-1.1.0.tgz",
      "integrity": "sha512-q6GLj4HRBJZy12EHtqre1ihvSJMikl5jwenzIMjBkkAIuyl0bpOpMpnIuaP5bJ4dkVLTpsicIcEYn6aFGZsXOA==",
      "license": "Apache-2.0",
      "engines": {
        "node": ">=20"
      }
    },
    "node_modules/@arcjet/headers": {
      "version": "1.1.0",
      "resolved": "https://registry.npmjs.org/@arcjet/headers/-/headers-1.1.0.tgz",
      "integrity": "sha512-V4PVy84gxc30g8CGZaLl//QAogdaAKJ2Sbtjccd5iUmxeUXXdqW3L0/xwm0xCebwB8rxojwhG7CzD3uv781Zdw==",
      "license": "Apache-2.0",
      "engines": {
        "node": ">=20"
      }
    },
    "node_modules/@arcjet/inspect": {
      "version": "1.1.0",
      "resolved": "https://registry.npmjs.org/@arcjet/inspect/-/inspect-1.1.0.tgz",
      "integrity": "sha512-yaBGbG/iwfpR/mfyiomLGzePjUr7YFzLi2qss/TjDLcX6TvQ4nW+HqOidGzAE5IVqdtl13TG9vD2f2tv9AkIog==",
      "license": "Apache-2.0",
      "dependencies": {
        "@arcjet/protocol": "1.1.0"
      },
      "engines": {
        "node": ">=20"
      }
    },
    "node_modules/@arcjet/ip": {
      "version": "1.1.0",
      "resolved": "https://registry.npmjs.org/@arcjet/ip/-/ip-1.1.0.tgz",
      "integrity": "sha512-mxOqZ/EVhO3bN7NBr36yURyFLE9KEXUzW+Pbq3U9HogqjMoNA4g3rkomVo3cNWhJcNCHNMRKplWbFsvVuyRdHQ==",
      "license": "Apache-2.0",
      "engines": {
        "node": ">=20"
      }
    },
    "node_modules/@arcjet/logger": {
      "version": "1.1.0",
      "resolved": "https://registry.npmjs.org/@arcjet/logger/-/logger-1.1.0.tgz",
      "integrity": "sha512-QQkDpdevbDOK8Ojy7REQap6y3J0fC1/5D/TE7hlC41Y2Gz6oyXIYzbLxEoyCYkfzMeOnMthHAXXwzI+E2gvdgg==",
      "license": "Apache-2.0",
      "dependencies": {
        "@arcjet/sprintf": "1.1.0"
      },
      "engines": {
        "node": ">=20"
      }
    },
    "node_modules/@arcjet/node": {
      "version": "1.1.0",
      "resolved": "https://registry.npmjs.org/@arcjet/node/-/node-1.1.0.tgz",
      "integrity": "sha512-89WpKP3xwvpLuKPhN7hWMAER76EnI6f5tUydVMm+LJF1TKJcZt80L91vEO4nTQU+is28BR57P4/IF7q+voDQSQ==",
      "license": "Apache-2.0",
      "dependencies": {
        "@arcjet/body": "1.1.0",
        "@arcjet/env": "1.1.0",
        "@arcjet/headers": "1.1.0",
        "@arcjet/ip": "1.1.0",
        "@arcjet/logger": "1.1.0",
        "@arcjet/protocol": "1.1.0",
        "@arcjet/transport": "1.1.0",
        "arcjet": "1.1.0"
      },
      "engines": {
        "node": ">=20"
      }
    },
    "node_modules/@arcjet/protocol": {
      "version": "1.1.0",
      "resolved": "https://registry.npmjs.org/@arcjet/protocol/-/protocol-1.1.0.tgz",
      "integrity": "sha512-evjUsyOh04bQgH9lWm/xIyqF3C8XkiKvRa/QYuUvMYEpe/J1hndHaOZqzqlzQqkm44cbM5l8s+06SpHyaG/iFg==",
      "license": "Apache-2.0",
      "dependencies": {
        "@arcjet/cache": "1.1.0",
        "@bufbuild/protobuf": "2.11.0",
        "@connectrpc/connect": "2.1.1",
        "typeid-js": "1.2.0"
      },
      "engines": {
        "node": ">=20"
      }
    },
    "node_modules/@arcjet/runtime": {
      "version": "1.1.0",
      "resolved": "https://registry.npmjs.org/@arcjet/runtime/-/runtime-1.1.0.tgz",
      "integrity": "sha512-v/7I9n3l9ZHBWGOoSBIxhEZ5WhcLPToWWXz8HBn30H1UFzholJCSDvIKesTogSt/EmxEUVDwxnHFZxZh+EX9Zw==",
      "license": "Apache-2.0",
      "engines": {
        "node": ">=20"
      }
    },
    "node_modules/@arcjet/sprintf": {
      "version": "1.1.0",
      "resolved": "https://registry.npmjs.org/@arcjet/sprintf/-/sprintf-1.1.0.tgz",
      "integrity": "sha512-YA19YrUYnEPxVPS5O41MlkynVLEtBVeu/eqrXGckQHmS7PuyNZEO2h8ZU+6G+ppua9igZUEzgYFVIh6UJRjWpQ==",
      "license": "Apache-2.0",
      "engines": {
        "node": ">=20"
      }
    },
    "node_modules/@arcjet/stable-hash": {
      "version": "1.1.0",
      "resolved": "https://registry.npmjs.org/@arcjet/stable-hash/-/stable-hash-1.1.0.tgz",
      "integrity": "sha512-JdeLw2r7f4sJKRi48BAypjcqgwlMf8LgcVZs3xH+CjE0N9DAxkl1AY/6Wt03WOz4S0FahC/amzCVNMJ6TlnQfA==",
      "license": "Apache-2.0",
      "engines": {
        "node": ">=20"
      }
    },
    "node_modules/@arcjet/transport": {
      "version": "1.1.0",
      "resolved": "https://registry.npmjs.org/@arcjet/transport/-/transport-1.1.0.tgz",
      "integrity": "sha512-nv/9HSroy4UxndxFYF39St4t8yXTTKGnaKXqPDhRGBHwPGPMLvLHxvXD4bguDWu5iMSKGazsJFJx/RD/7SwG9Q==",
      "license": "Apache-2.0",
      "dependencies": {
        "@bufbuild/protobuf": "2.11.0",
        "@connectrpc/connect": "2.1.1",
        "@connectrpc/connect-node": "2.1.1",
        "@connectrpc/connect-web": "2.1.1"
      },
      "engines": {
        "node": ">=20"
      }
    },
    "node_modules/@bufbuild/protobuf": {
      "version": "2.11.0",
      "resolved": "https://registry.npmjs.org/@bufbuild/protobuf/-/protobuf-2.11.0.tgz",
      "integrity": "sha512-sBXGT13cpmPR5BMgHE6UEEfEaShh5Ror6rfN3yEK5si7QVrtZg8LEPQb0VVhiLRUslD2yLnXtnRzG035J/mZXQ==",
      "license": "(Apache-2.0 AND BSD-3-Clause)"
    },
    "node_modules/@connectrpc/connect": {
      "version": "2.1.1",
      "resolved": "https://registry.npmjs.org/@connectrpc/connect/-/connect-2.1.1.tgz",
      "integrity": "sha512-JzhkaTvM73m2K1URT6tv53k2RwngSmCXLZJgK580qNQOXRzZRR/BCMfZw3h+90JpnG6XksP5bYT+cz0rpUzUWQ==",
      "license": "Apache-2.0",
      "peerDependencies": {
        "@bufbuild/protobuf": "^2.7.0"
      }
    },
    "node_modules/@connectrpc/connect-node": {
      "version": "2.1.1",
      "resolved": "https://registry.npmjs.org/@connectrpc/connect-node/-/connect-node-2.1.1.tgz",
      "integrity": "sha512-s3TfsI1XF+n+1z6MBS9rTnFsxxR4Rw5wmdEnkQINli81ESGxcsfaEet8duzq8LVuuCupmhUsgpRo0Nv9pZkufg==",
      "license": "Apache-2.0",
      "engines": {
        "node": ">=20"
      },
      "peerDependencies": {
        "@bufbuild/protobuf": "^2.7.0",
        "@connectrpc/connect": "2.1.1"
      }
    },
    "node_modules/@connectrpc/connect-web": {
      "version": "2.1.1",
      "resolved": "https://registry.npmjs.org/@connectrpc/connect-web/-/connect-web-2.1.1.tgz",
      "integrity": "sha512-J8317Q2MaFRCT1jzVR1o06bZhDIBmU0UAzWx6xOIXzOq8+k71/+k7MUF7AwcBUX+34WIvbm5syRgC5HXQA8fOg==",
      "license": "Apache-2.0",
      "peerDependencies": {
        "@bufbuild/protobuf": "^2.7.0",
        "@connectrpc/connect": "2.1.1"
      }
    },
    "node_modules/append-field": {
      "version": "1.0.0",
      "resolved": "https://registry.npmjs.org/append-field/-/append-field-1.0.0.tgz",
      "integrity": "sha512-klpgFSWLW1ZEs8svjfb7g4qWY0YS5imI82dTg+QahUvJ8YqAY0P10Uk8tTyh9ZGuYEZEMaeJYCF5BFuX552hsw==",
      "license": "MIT"
    },
    "node_modules/arcjet": {
      "version": "1.1.0",
      "resolved": "https://registry.npmjs.org/arcjet/-/arcjet-1.1.0.tgz",
      "integrity": "sha512-YRzr8kfTLdSdp45W5Xrzf1+TMAvDYELD2D2Gg6jXgLZl0PjM/SoK3TMCTz/CMxohBx2AV17/wSM24YjcDEoHcg==",
      "license": "Apache-2.0",
      "dependencies": {
        "@arcjet/analyze": "1.1.0",
        "@arcjet/cache": "1.1.0",
        "@arcjet/duration": "1.1.0",
        "@arcjet/headers": "1.1.0",
        "@arcjet/protocol": "1.1.0",
        "@arcjet/runtime": "1.1.0",
        "@arcjet/stable-hash": "1.1.0"
      },
      "engines": {
        "node": ">=20"
      }
    },
    "node_modules/buffer-from": {
      "version": "1.1.2",
      "resolved": "https://registry.npmjs.org/buffer-from/-/buffer-from-1.1.2.tgz",
      "integrity": "sha512-E+XQCRwSbaaiChtv6k6Dwgc+bx+Bs6vuKJHHl5kox/BaKbhiXzqQOwK4cO22yElGp2OCmjwVhT3HmxgyPGnJfQ==",
      "license": "MIT"
    },
    "node_modules/busboy": {
      "version": "1.6.0",
      "resolved": "https://registry.npmjs.org/busboy/-/busboy-1.6.0.tgz",
      "integrity": "sha512-8SFQbg/0hQ9xy3UNTB0YEnsNBbWfhf7RtnzpL7TkBiTBRfrQ9Fxcnz7VJsleJpyp6rVLvXiuORqjlHi5q+PYuA==",
      "dependencies": {
        "streamsearch": "^1.1.0"
      },
      "engines": {
        "node": ">=10.16.0"
      }
    },
    "node_modules/concat-stream": {
      "version": "2.0.0",
      "resolved": "https://registry.npmjs.org/concat-stream/-/concat-stream-2.0.0.tgz",
      "integrity": "sha512-MWufYdFw53ccGjCA+Ol7XJYpAlW6/prSMzuPOTRnJGcGzuhLn4Scrz7qf6o8bROZ514ltazcIFJZevcfbo0x7A==",
      "engines": [
        "node >= 6.0"
      ],
      "license": "MIT",
      "dependencies": {
        "buffer-from": "^1.0.0",
        "inherits": "^2.0.3",
        "readable-stream": "^3.0.2",
        "typedarray": "^0.0.6"
      }
    },
    "node_modules/inherits": {
      "version": "2.0.4",
      "resolved": "https://registry.npmjs.org/inherits/-/inherits-2.0.4.tgz",
      "integrity": "sha512-k/vGaX4/Yla3WzyMCvTQOXYeIHvqOKtnqBduzTHpzpQZzAskKMhZ2K+EnBiSM9zGSoIFeMpXKxa4dYeZIQqewQ==",
      "license": "ISC"
    },
    "node_modules/media-typer": {
      "version": "0.3.0",
      "resolved": "https://registry.npmjs.org/media-typer/-/media-typer-0.3.0.tgz",
      "integrity": "sha512-dq+qelQ9akHpcOl/gUVRTxVIOkAJ1wR3QAvb4RsVjS8oVoFjDGTc679wJYmUmknUF5HwMLOgb5O+a3KxfWapPQ==",
      "license": "MIT",
      "engines": {
        "node": ">= 0.6"
      }
    },
    "node_modules/mime-db": {
      "version": "1.52.0",
      "resolved": "https://registry.npmjs.org/mime-db/-/mime-db-1.52.0.tgz",
      "integrity": "sha512-sPU4uV7dYlvtWJxwwxHD0PuihVNiE7TyAbQ5SWxDCB9mUYvOgroQOwYQQOKPJ8CIbE+1ETVlOoK1UC2nU3gYvg==",
      "license": "MIT",
      "engines": {
        "node": ">= 0.6"
      }
    },
    "node_modules/mime-types": {
      "version": "2.1.35",
      "resolved": "https://registry.npmjs.org/mime-types/-/mime-types-2.1.35.tgz",
      "integrity": "sha512-ZDY+bPm5zTTF+YpCrAU9nK0UgICYPT0QtT1NZWFv4s++TNkcgVaT0g6+4R2uI4MjQjzysHB1zxuWL50hzaeXiw==",
      "license": "MIT",
      "dependencies": {
        "mime-db": "1.52.0"
      },
      "engines": {
        "node": ">= 0.6"
      }
    },
    "node_modules/multer": {
      "version": "2.1.0",
      "resolved": "https://registry.npmjs.org/multer/-/multer-2.1.0.tgz",
      "integrity": "sha512-TBm6j41rxNohqawsxlsWsNNh/VdV4QFXcBvRcPhXaA05EZ79z0qJ2bQFpync6JBoHTeNY5Q1JpG7AlTjdlfAEA==",
      "license": "MIT",
      "dependencies": {
        "append-field": "^1.0.0",
        "busboy": "^1.6.0",
        "concat-stream": "^2.0.0",
        "type-is": "^1.6.18"
      },
      "engines": {
        "node": ">= 10.16.0"
      },
      "funding": {
        "type": "opencollective",
        "url": "https://opencollective.com/express"
      }
    },
    "node_modules/nodemailer": {
      "version": "8.0.1",
      "resolved": "https://registry.npmjs.org/nodemailer/-/nodemailer-8.0.1.tgz",
      "integrity": "sha512-5kcldIXmaEjZcHR6F28IKGSgpmZHaF1IXLWFTG+Xh3S+Cce4MiakLtWY+PlBU69fLbRa8HlaGIrC/QolUpHkhg==",
      "license": "MIT-0",
      "engines": {
        "node": ">=6.0.0"
      }
    },
    "node_modules/readable-stream": {
      "version": "3.6.2",
      "resolved": "https://registry.npmjs.org/readable-stream/-/readable-stream-3.6.2.tgz",
      "integrity": "sha512-9u/sniCrY3D5WdsERHzHE4G2YCXqoG5FTHUiCC4SIbr6XcLZBY05ya9EKjYek9O5xOAwjGq+1JdGBAS7Q9ScoA==",
      "license": "MIT",
      "dependencies": {
        "inherits": "^2.0.3",
        "string_decoder": "^1.1.1",
        "util-deprecate": "^1.0.1"
      },
      "engines": {
        "node": ">= 6"
      }
    },
    "node_modules/safe-buffer": {
      "version": "5.2.1",
      "resolved": "https://registry.npmjs.org/safe-buffer/-/safe-buffer-5.2.1.tgz",
      "integrity": "sha512-rp3So07KcdmmKbGvgaNxQSJr7bGVSVk5S9Eq1F+ppbRo70+YeaDxkw5Dd8NPN+GD6bjnYm2VuPuCXmpuYvmCXQ==",
      "funding": [
        {
          "type": "github",
          "url": "https://github.com/sponsors/feross"
        },
        {
          "type": "patreon",
          "url": "https://www.patreon.com/feross"
        },
        {
          "type": "consulting",
          "url": "https://feross.org/support"
        }
      ],
      "license": "MIT"
    },
    "node_modules/streamsearch": {
      "version": "1.1.0",
      "resolved": "https://registry.npmjs.org/streamsearch/-/streamsearch-1.1.0.tgz",
      "integrity": "sha512-Mcc5wHehp9aXz1ax6bZUyY5afg9u2rv5cqQI3mRrYkGC8rW2hM02jWuwjtL++LS5qinSyhj2QfLyNsuc+VsExg==",
      "engines": {
        "node": ">=10.0.0"
      }
    },
    "node_modules/string_decoder": {
      "version": "1.3.0",
      "resolved": "https://registry.npmjs.org/string_decoder/-/string_decoder-1.3.0.tgz",
      "integrity": "sha512-hkRX8U1WjJFd8LsDJ2yQ/wWWxaopEsABU1XfkM8A+j0+85JAGppt16cr1Whg6KIbb4okU6Mql6BOj+uup/wKeA==",
      "license": "MIT",
      "dependencies": {
        "safe-buffer": "~5.2.0"
      }
    },
    "node_modules/type-is": {
      "version": "1.6.18",
      "resolved": "https://registry.npmjs.org/type-is/-/type-is-1.6.18.tgz",
      "integrity": "sha512-TkRKr9sUTxEH8MdfuCSP7VizJyzRNMjj2J2do2Jr3Kym598JVdEksuzPQCnlFPW4ky9Q+iA+ma9BGm06XQBy8g==",
      "license": "MIT",
      "dependencies": {
        "media-typer": "0.3.0",
        "mime-types": "~2.1.24"
      },
      "engines": {
        "node": ">= 0.6"
      }
    },
    "node_modules/typedarray": {
      "version": "0.0.6",
      "resolved": "https://registry.npmjs.org/typedarray/-/typedarray-0.0.6.tgz",
      "integrity": "sha512-/aCDEGatGvZ2BIk+HmLf4ifCJFwvKFNb9/JeZPMulfgFracn9QFcAf5GO8B/mweUjSoblS5In0cWhqpfs/5PQA==",
      "license": "MIT"
    },
    "node_modules/typeid-js": {
      "version": "1.2.0",
      "resolved": "https://registry.npmjs.org/typeid-js/-/typeid-js-1.2.0.tgz",
      "integrity": "sha512-t76ZucAnvGC60ea/HjVsB0TSoB0cw9yjnfurUgtInXQWUI/VcrlZGpO23KN3iSe8yOGUgb1zr7W7uEzJ3hSljA==",
      "license": "Apache-2.0",
      "dependencies": {
        "uuid": "^10.0.0"
      }
    },
    "node_modules/util-deprecate": {
      "version": "1.0.2",
      "resolved": "https://registry.npmjs.org/util-deprecate/-/util-deprecate-1.0.2.tgz",
      "integrity": "sha512-EPD5q1uXyFxJpCrLnCc1nHnq3gOa6DZBocAIiI2TaSCA7VCJ1UJDMagCzIkXNsUYfD1daK//LTEQ8xiIbrHtcw==",
      "license": "MIT"
    },
    "node_modules/uuid": {
      "version": "10.0.0",
      "resolved": "https://registry.npmjs.org/uuid/-/uuid-10.0.0.tgz",
      "integrity": "sha512-8XkAphELsDnEGrDxUOHB3RGvXz6TeuYSGEZBOjtTtPm2lwhGBjLgOzLHB63IUWfBpNucQjND6d3AOudO+H3RWQ==",
      "funding": [
        "https://github.com/sponsors/broofa",
        "https://github.com/sponsors/ctavan"
      ],
      "license": "MIT",
      "bin": {
        "uuid": "dist/bin/uuid"
      }
    }
  }
}
